
Microsoft Visual Studio Solution File, Format Version 12.00
# Visual Studio Version 16
VisualStudioVersion = 16.0.810.23
MinimumVisualStudioVersion = 10.0.40219.1
Project("{FAE04EC0-301F-11D3-BF4B-00C04F79EFBC}") = "SahinTurizim.WebUI", "SahinTurizim.WebUI\SahinTurizim.WebUI.csproj", "{D600B33E-AF41-40DA-BAA9-C366CBE8E27F}"
EndProject
Project("{FAE04EC0-301F-11D3-BF4B-00C04F79EFBC}") = "SahinTurizim.Entity", "SahinTurizim.Entity\SahinTurizim.Entity.csproj", "{F2947BC5-351E-40B6-9995-4E74D9AF7209}"
EndProject
Project("{FAE04EC0-301F-11D3-BF4B-00C04F79EFBC}") = "SahinTurizim.Data", "SahinTurizim.Data\SahinTurizim.Data.csproj", "{C09932CA-DD7C-404F-AD9D-F91DAE09558A}"
EndProject
Project("{FAE04EC0-301F-11D3-BF4B-00C04F79EFBC}") = "SahinTurizim.Business", "SahinTurizim.Business\SahinTurizim.Business.csproj", "{BD9D2755-FDA6-4331-B924-75821987AD5E}"
EndProject
Global
	GlobalSection(SolutionConfigurationPlatforms) = preSolution
		Debug|Any CPU = Debug|Any CPU
		Release|Any CPU = Release|Any CPU
	EndGlobalSection
	GlobalSection(ProjectConfigurationPlatforms) = postSolution
		{D600B33E-AF41-40DA-BAA9-C366CBE8E27F}.Debug|Any CPU.ActiveCfg = Debug|Any CPU
		{D600B33E-AF41-40DA-BAA9-C366CBE8E27F}.Debug|Any CPU.Build.0 = Debug|Any CPU
		{D600B33E-AF41-40DA-BAA9-C366CBE8E27F}.Release|Any CPU.ActiveCfg = Release|Any CPU
		{D600B33E-AF41-40DA-BAA9-C366CBE8E27F}.Release|Any CPU.Build.0 = Release|Any CPU
		{F2947BC5-351E-40B6-9995-4E74D9AF7209}.Debug|Any CPU.ActiveCfg = Debug|Any CPU
		{F2947BC5-351E-40B6-9995-4E74D9AF7209}.Debug|Any CPU.Build.0 = Debug|Any CPU
		{F2947BC5-351E-40B6-9995-4E74D9AF7209}.Release|Any CPU.ActiveCfg = Release|Any CPU
		{F2947BC5-351E-40B6-9995-4E74D9AF7209}.Release|Any CPU.Build.0 = Release|Any CPU
		{C09932CA-DD7C-404F-AD9D-F91DAE09558A}.Debug|Any CPU.ActiveCfg = Debug|Any CPU
		{C09932CA-DD7C-404F-AD9D-F91DAE09558A}.Debug|Any CPU.Build.0 = Debug|Any CPU
		{C09932CA-DD7C-404F-AD9D-F91DAE09558A}.Release|Any CPU.ActiveCfg = Release|Any CPU
		{C09932CA-DD7C-404F-AD9D-F91DAE09558A}.Release|Any CPU.Build.0 = Release|Any CPU
		{BD9D2755-FDA6-4331-B924-75821987AD5E}.Debug|Any CPU.ActiveCfg = Debug|Any CPU
		{BD9D2755-FDA6-4331-B924-75821987AD5E}.Debug|Any CPU.Build.0 = Debug|Any CPU
		{BD9D2755-FDA6-4331-B924-75821987AD5E}.Release|Any CPU.ActiveCfg = Release|Any CPU
		{BD9D2755-FDA6-4331-B924-75821987AD5E}.Release|Any CPU.Build.0 = Release|Any CPU
	EndGlobalSection
	GlobalSection(SolutionProperties) = preSolution
		HideSolutionNode = FALSE
	EndGlobalSection
	GlobalSection(ExtensibilityGlobals) = postSolution
		SolutionGuid = {C4DA769A-4DF1-4B47-AC82-7097895EE521}
	EndGlobalSection
EndGlobal
